
Microsoft Visual Studio Solution File, Format Version 12.00
# Visual Studio Version 17
VisualStudioVersion = 17.10.35013.160
MinimumVisualStudioVersion = 10.0.40219.1
Project("{FAE04EC0-301F-11D3-BF4B-00C04F79EFBC}") = "Technical Assessment - Palindrome Check", "Technical Assessment - Palindrome Check\Technical Assessment - Palindrome Check.csproj", "{BA1B7137-CB0E-4023-AD0C-23353B77A040}"
EndProject
Global
	GlobalSection(SolutionConfigurationPlatforms) = preSolution
		Debug|Any CPU = Debug|Any CPU
		Release|Any CPU = Release|Any CPU
	EndGlobalSection
	GlobalSection(ProjectConfigurationPlatforms) = postSolution
		{BA1B7137-CB0E-4023-AD0C-23353B77A040}.Debug|Any CPU.ActiveCfg = Debug|Any CPU
		{BA1B7137-CB0E-4023-AD0C-23353B77A040}.Debug|Any CPU.Build.0 = Debug|Any CPU
		{BA1B7137-CB0E-4023-AD0C-23353B77A040}.Release|Any CPU.ActiveCfg = Release|Any CPU
		{BA1B7137-CB0E-4023-AD0C-23353B77A040}.Release|Any CPU.Build.0 = Release|Any CPU
	EndGlobalSection
	GlobalSection(SolutionProperties) = preSolution
		HideSolutionNode = FALSE
	EndGlobalSection
	GlobalSection(ExtensibilityGlobals) = postSolution
		SolutionGuid = {13449094-2BB4-4291-B226-838DB4D6A5B7}
	EndGlobalSection
EndGlobal
